
Microsoft Visual Studio Solution File, Format Version 12.00
# Visual Studio Version 17
VisualStudioVersion = 17.14.36109.1
MinimumVisualStudioVersion = 10.0.40219.1
Project("{FAE04EC0-301F-11D3-BF4B-00C04F79EFBC}") = "magicdl", "magicdl\magicdl.csproj", "{D5CD7422-210E-46EA-9732-B677DE113D39}"
EndProject
Global
	GlobalSection(SolutionConfigurationPlatforms) = preSolution
		Debug|Any CPU = Debug|Any CPU
		Release|Any CPU = Release|Any CPU
	EndGlobalSection
	GlobalSection(ProjectConfigurationPlatforms) = postSolution
		{D5CD7422-210E-46EA-9732-B677DE113D39}.Debug|Any CPU.ActiveCfg = Debug|Any CPU
		{D5CD7422-210E-46EA-9732-B677DE113D39}.Debug|Any CPU.Build.0 = Debug|Any CPU
		{D5CD7422-210E-46EA-9732-B677DE113D39}.Release|Any CPU.ActiveCfg = Release|Any CPU
		{D5CD7422-210E-46EA-9732-B677DE113D39}.Release|Any CPU.Build.0 = Release|Any CPU
	EndGlobalSection
	GlobalSection(SolutionProperties) = preSolution
		HideSolutionNode = FALSE
	EndGlobalSection
	GlobalSection(ExtensibilityGlobals) = postSolution
		SolutionGuid = {C4537ECD-EDA1-4279-BBFC-70194D667B28}
	EndGlobalSection
EndGlobal
